// !$*UTF8*$!
{
	archiveVersion = 1;
	classes = {
	};
	objectVersion = 52;
	objects = {

/* Begin PBXBuildFile section */
		3503F748266D2C5200F0FDE5 /* ScoreCardPlayersView.swift in Sources */ = {isa = PBXBuildFile; fileRef = 3503F747266D2C5200F0FDE5 /* ScoreCardPlayersView.swift */; };
		3503F74A266D2C8900F0FDE5 /* ScoreCardTotalsView.swift in Sources */ = {isa = PBXBuildFile; fileRef = 3503F749266D2C8900F0FDE5 /* ScoreCardTotalsView.swift */; };
		352475E92653F7B300D61178 /* iScoreCardsApp.swift in Sources */ = {isa = PBXBuildFile; fileRef = 352475E82653F7B300D61178 /* iScoreCardsApp.swift */; };
		352475EB2653F7B300D61178 /* iScoreCardsView.swift in Sources */ = {isa = PBXBuildFile; fileRef = 352475EA2653F7B300D61178 /* iScoreCardsView.swift */; };
		352475ED2653F7B300D61178 /* Assets.xcassets in Resources */ = {isa = PBXBuildFile; fileRef = 352475EC2653F7B300D61178 /* Assets.xcassets */; };
		352475F02653F7B300D61178 /* Preview Assets.xcassets in Resources */ = {isa = PBXBuildFile; fileRef = 352475EF2653F7B300D61178 /* Preview Assets.xcassets */; };
		352475FB2653F7B300D61178 /* iScoreCardsTests.swift in Sources */ = {isa = PBXBuildFile; fileRef = 352475FA2653F7B300D61178 /* iScoreCardsTests.swift */; };
		352476062653F7B300D61178 /* iScoreCardsUITests.swift in Sources */ = {isa = PBXBuildFile; fileRef = 352476052653F7B300D61178 /* iScoreCardsUITests.swift */; };
		35247617265402FE00D61178 /* UnregisteredGameSetupView.swift in Sources */ = {isa = PBXBuildFile; fileRef = 35247616265402FE00D61178 /* UnregisteredGameSetupView.swift */; };
		352476192654031100D61178 /* SecondTabView.swift in Sources */ = {isa = PBXBuildFile; fileRef = 352476182654031100D61178 /* SecondTabView.swift */; };
		3524761B26540F4900D61178 /* HomeTabView.swift in Sources */ = {isa = PBXBuildFile; fileRef = 3524761A26540F4900D61178 /* HomeTabView.swift */; };
		3524761D2655606D00D61178 /* Game.swift in Sources */ = {isa = PBXBuildFile; fileRef = 3524761C2655606D00D61178 /* Game.swift */; };
		352476212658B38C00D61178 /* CardsManager.swift in Sources */ = {isa = PBXBuildFile; fileRef = 352476202658B38C00D61178 /* CardsManager.swift */; };
		3524762426594C4B00D61178 /* ScoreCardView.swift in Sources */ = {isa = PBXBuildFile; fileRef = 3524762326594C4B00D61178 /* ScoreCardView.swift */; };
		3571226626839178006419FD /* URLTextField.swift in Sources */ = {isa = PBXBuildFile; fileRef = 3571226526839178006419FD /* URLTextField.swift */; };
		357122692683968F006419FD /* Introspect in Frameworks */ = {isa = PBXBuildFile; productRef = 357122682683968F006419FD /* Introspect */; };
		35B2DEDB2697585700A815CB /* ScoreCardRowView.swift in Sources */ = {isa = PBXBuildFile; fileRef = 35B2DEDA2697585700A815CB /* ScoreCardRowView.swift */; };
/* End PBXBuildFile section */

/* Begin PBXContainerItemProxy section */
		352475F72653F7B300D61178 /* PBXContainerItemProxy */ = {
			isa = PBXContainerItemProxy;
			containerPortal = 352475DD2653F7B200D61178 /* Project object */;
			proxyType = 1;
			remoteGlobalIDString = 352475E42653F7B200D61178;
			remoteInfo = iScoreCards;
		};
		352476022653F7B300D61178 /* PBXContainerItemProxy */ = {
			isa = PBXContainerItemProxy;
			containerPortal = 352475DD2653F7B200D61178 /* Project object */;
			proxyType = 1;
			remoteGlobalIDString = 352475E42653F7B200D61178;
			remoteInfo = iScoreCards;
		};
/* End PBXContainerItemProxy section */

/* Begin PBXFileReference section */
		3503F747266D2C5200F0FDE5 /* ScoreCardPlayersView.swift */ = {isa = PBXFileReference; lastKnownFileType = sourcecode.swift; path = ScoreCardPlayersView.swift; sourceTree = "<group>"; };
		3503F749266D2C8900F0FDE5 /* ScoreCardTotalsView.swift */ = {isa = PBXFileReference; lastKnownFileType = sourcecode.swift; path = ScoreCardTotalsView.swift; sourceTree = "<group>"; };
		352475E52653F7B300D61178 /* iScoreCards.app */ = {isa = PBXFileReference; explicitFileType = wrapper.application; includeInIndex = 0; path = iScoreCards.app; sourceTree = BUILT_PRODUCTS_DIR; };
		352475E82653F7B300D61178 /* iScoreCardsApp.swift */ = {isa = PBXFileReference; lastKnownFileType = sourcecode.swift; path = iScoreCardsApp.swift; sourceTree = "<group>"; };
		352475EA2653F7B300D61178 /* iScoreCardsView.swift */ = {isa = PBXFileReference; lastKnownFileType = sourcecode.swift; path = iScoreCardsView.swift; sourceTree = "<group>"; };
		352475EC2653F7B300D61178 /* Assets.xcassets */ = {isa = PBXFileReference; lastKnownFileType = folder.assetcatalog; path = Assets.xcassets; sourceTree = "<group>"; };
		352475EF2653F7B300D61178 /* Preview Assets.xcassets */ = {isa = PBXFileReference; lastKnownFileType = folder.assetcatalog; path = "Preview Assets.xcassets"; sourceTree = "<group>"; };
		352475F12653F7B300D61178 /* Info.plist */ = {isa = PBXFileReference; lastKnownFileType = text.plist.xml; path = Info.plist; sourceTree = "<group>"; };
		352475F62653F7B300D61178 /* iScoreCardsTests.xctest */ = {isa = PBXFileReference; explicitFileType = wrapper.cfbundle; includeInIndex = 0; path = iScoreCardsTests.xctest; sourceTree = BUILT_PRODUCTS_DIR; };
		352475FA2653F7B300D61178 /* iScoreCardsTests.swift */ = {isa = PBXFileReference; lastKnownFileType = sourcecode.swift; path = iScoreCardsTests.swift; sourceTree = "<group>"; };
		352475FC2653F7B300D61178 /* Info.plist */ = {isa = PBXFileReference; lastKnownFileType = text.plist.xml; path = Info.plist; sourceTree = "<group>"; };
		352476012653F7B300D61178 /* iScoreCardsUITests.xctest */ = {isa = PBXFileReference; explicitFileType = wrapper.cfbundle; includeInIndex = 0; path = iScoreCardsUITests.xctest; sourceTree = BUILT_PRODUCTS_DIR; };
		352476052653F7B300D61178 /* iScoreCardsUITests.swift */ = {isa = PBXFileReference; lastKnownFileType = sourcecode.swift; path = iScoreCardsUITests.swift; sourceTree = "<group>"; };
		352476072653F7B300D61178 /* Info.plist */ = {isa = PBXFileReference; lastKnownFileType = text.plist.xml; path = Info.plist; sourceTree = "<group>"; };
		35247616265402FE00D61178 /* UnregisteredGameSetupView.swift */ = {isa = PBXFileReference; lastKnownFileType = sourcecode.swift; path = UnregisteredGameSetupView.swift; sourceTree = "<group>"; };
		352476182654031100D61178 /* SecondTabView.swift */ = {isa = PBXFileReference; lastKnownFileType = sourcecode.swift; path = SecondTabView.swift; sourceTree = "<group>"; };
		3524761A26540F4900D61178 /* HomeTabView.swift */ = {isa = PBXFileReference; lastKnownFileType = sourcecode.swift; path = HomeTabView.swift; sourceTree = "<group>"; };
		3524761C2655606D00D61178 /* Game.swift */ = {isa = PBXFileReference; lastKnownFileType = sourcecode.swift; path = Game.swift; sourceTree = "<group>"; };
		352476202658B38C00D61178 /* CardsManager.swift */ = {isa = PBXFileReference; lastKnownFileType = sourcecode.swift; path = CardsManager.swift; sourceTree = "<group>"; };
		3524762326594C4B00D61178 /* ScoreCardView.swift */ = {isa = PBXFileReference; lastKnownFileType = sourcecode.swift; path = ScoreCardView.swift; sourceTree = "<group>"; };
		3571226526839178006419FD /* URLTextField.swift */ = {isa = PBXFileReference; lastKnownFileType = sourcecode.swift; path = URLTextField.swift; sourceTree = "<group>"; };
		35B2DEDA2697585700A815CB /* ScoreCardRowView.swift */ = {isa = PBXFileReference; lastKnownFileType = sourcecode.swift; path = ScoreCardRowView.swift; sourceTree = "<group>"; };
/* End PBXFileReference section */

/* Begin PBXFrameworksBuildPhase section */
		352475E22653F7B200D61178 /* Frameworks */ = {
			isa = PBXFrameworksBuildPhase;
			buildActionMask = 2147483647;
			files = (
				357122692683968F006419FD /* Introspect in Frameworks */,
			);
			runOnlyForDeploymentPostprocessing = 0;
		};
		352475F32653F7B300D61178 /* Frameworks */ = {
			isa = PBXFrameworksBuildPhase;
			buildActionMask = 2147483647;
			files = (
			);
			runOnlyForDeploymentPostprocessing = 0;
		};
		352475FE2653F7B300D61178 /* Frameworks */ = {
			isa = PBXFrameworksBuildPhase;
			buildActionMask = 2147483647;
			files = (
			);
			runOnlyForDeploymentPostprocessing = 0;
		};
/* End PBXFrameworksBuildPhase section */

/* Begin PBXGroup section */
		352475DC2653F7B200D61178 = {
			isa = PBXGroup;
			children = (
				352475E72653F7B300D61178 /* iScoreCards */,
				352475F92653F7B300D61178 /* iScoreCardsTests */,
				352476042653F7B300D61178 /* iScoreCardsUITests */,
				352475E62653F7B300D61178 /* Products */,
			);
			sourceTree = "<group>";
		};
		352475E62653F7B300D61178 /* Products */ = {
			isa = PBXGroup;
			children = (
				352475E52653F7B300D61178 /* iScoreCards.app */,
				352475F62653F7B300D61178 /* iScoreCardsTests.xctest */,
				352476012653F7B300D61178 /* iScoreCardsUITests.xctest */,
			);
			name = Products;
			sourceTree = "<group>";
		};
		352475E72653F7B300D61178 /* iScoreCards */ = {
			isa = PBXGroup;
			children = (
				352475E82653F7B300D61178 /* iScoreCardsApp.swift */,
				352476152653F83200D61178 /* ViewModels */,
				352476142653F81500D61178 /* Models */,
				352476132653F7FC00D61178 /* Views */,
				352475EC2653F7B300D61178 /* Assets.xcassets */,
				352475F12653F7B300D61178 /* Info.plist */,
				352475EE2653F7B300D61178 /* Preview Content */,
			);
			path = iScoreCards;
			sourceTree = "<group>";
		};
		352475EE2653F7B300D61178 /* Preview Content */ = {
			isa = PBXGroup;
			children = (
				352475EF2653F7B300D61178 /* Preview Assets.xcassets */,
			);
			path = "Preview Content";
			sourceTree = "<group>";
		};
		352475F92653F7B300D61178 /* iScoreCardsTests */ = {
			isa = PBXGroup;
			children = (
				352475FA2653F7B300D61178 /* iScoreCardsTests.swift */,
				352475FC2653F7B300D61178 /* Info.plist */,
			);
			path = iScoreCardsTests;
			sourceTree = "<group>";
		};
		352476042653F7B300D61178 /* iScoreCardsUITests */ = {
			isa = PBXGroup;
			children = (
				352476052653F7B300D61178 /* iScoreCardsUITests.swift */,
				352476072653F7B300D61178 /* Info.plist */,
			);
			path = iScoreCardsUITests;
			sourceTree = "<group>";
		};
		352476132653F7FC00D61178 /* Views */ = {
			isa = PBXGroup;
			children = (
				352475EA2653F7B300D61178 /* iScoreCardsView.swift */,
				3524761A26540F4900D61178 /* HomeTabView.swift */,
				35247616265402FE00D61178 /* UnregisteredGameSetupView.swift */,
				352476182654031100D61178 /* SecondTabView.swift */,
				3524762226594C0100D61178 /* ScoreCardViews */,
			);
			path = Views;
			sourceTree = "<group>";
		};
		352476142653F81500D61178 /* Models */ = {
			isa = PBXGroup;
			children = (
				3524761C2655606D00D61178 /* Game.swift */,
			);
			path = Models;
			sourceTree = "<group>";
		};
		352476152653F83200D61178 /* ViewModels */ = {
			isa = PBXGroup;
			children = (
				352476202658B38C00D61178 /* CardsManager.swift */,
			);
			path = ViewModels;
			sourceTree = "<group>";
		};
		3524762226594C0100D61178 /* ScoreCardViews */ = {
			isa = PBXGroup;
			children = (
				3524762326594C4B00D61178 /* ScoreCardView.swift */,
				3503F747266D2C5200F0FDE5 /* ScoreCardPlayersView.swift */,
				3503F749266D2C8900F0FDE5 /* ScoreCardTotalsView.swift */,
				3571226526839178006419FD /* URLTextField.swift */,
				35B2DEDA2697585700A815CB /* ScoreCardRowView.swift */,
			);
			name = ScoreCardViews;
			sourceTree = "<group>";
		};
/* End PBXGroup section */

/* Begin PBXNativeTarget section */
		352475E42653F7B200D61178 /* iScoreCards */ = {
			isa = PBXNativeTarget;
			buildConfigurationList = 3524760A2653F7B300D61178 /* Build configuration list for PBXNativeTarget "iScoreCards" */;
			buildPhases = (
				352475E12653F7B200D61178 /* Sources */,
				352475E22653F7B200D61178 /* Frameworks */,
				352475E32653F7B200D61178 /* Resources */,
			);
			buildRules = (
			);
			dependencies = (
			);
			name = iScoreCards;
			packageProductDependencies = (
				357122682683968F006419FD /* Introspect */,
			);
			productName = iScoreCards;
			productReference = 352475E52653F7B300D61178 /* iScoreCards.app */;
			productType = "com.apple.product-type.application";
		};
		352475F52653F7B300D61178 /* iScoreCardsTests */ = {
			isa = PBXNativeTarget;
			buildConfigurationList = 3524760D2653F7B300D61178 /* Build configuration list for PBXNativeTarget "iScoreCardsTests" */;
			buildPhases = (
				352475F22653F7B300D61178 /* Sources */,
				352475F32653F7B300D61178 /* Frameworks */,
				352475F42653F7B300D61178 /* Resources */,
			);
			buildRules = (
			);
			dependencies = (
				352475F82653F7B300D61178 /* PBXTargetDependency */,
			);
			name = iScoreCardsTests;
			productName = iScoreCardsTests;
			productReference = 352475F62653F7B300D61178 /* iScoreCardsTests.xctest */;
			productType = "com.apple.product-type.bundle.unit-test";
		};
		352476002653F7B300D61178 /* iScoreCardsUITests */ = {
			isa = PBXNativeTarget;
			buildConfigurationList = 352476102653F7B300D61178 /* Build configuration list for PBXNativeTarget "iScoreCardsUITests" */;
			buildPhases = (
				352475FD2653F7B300D61178 /* Sources */,
				352475FE2653F7B300D61178 /* Frameworks */,
				352475FF2653F7B300D61178 /* Resources */,
			);
			buildRules = (
			);
			dependencies = (
				352476032653F7B300D61178 /* PBXTargetDependency */,
			);
			name = iScoreCardsUITests;
			productName = iScoreCardsUITests;
			productReference = 352476012653F7B300D61178 /* iScoreCardsUITests.xctest */;
			productType = "com.apple.product-type.bundle.ui-testing";
		};
/* End PBXNativeTarget section */

/* Begin PBXProject section */
		352475DD2653F7B200D61178 /* Project object */ = {
			isa = PBXProject;
			attributes = {
				LastSwiftUpdateCheck = 1250;
				LastUpgradeCheck = 1250;
				TargetAttributes = {
					352475E42653F7B200D61178 = {
						CreatedOnToolsVersion = 12.5;
					};
					352475F52653F7B300D61178 = {
						CreatedOnToolsVersion = 12.5;
						TestTargetID = 352475E42653F7B200D61178;
					};
					352476002653F7B300D61178 = {
						CreatedOnToolsVersion = 12.5;
						TestTargetID = 352475E42653F7B200D61178;
					};
				};
			};
			buildConfigurationList = 352475E02653F7B200D61178 /* Build configuration list for PBXProject "iScoreCards" */;
			compatibilityVersion = "Xcode 9.3";
			developmentRegion = en;
			hasScannedForEncodings = 0;
			knownRegions = (
				en,
				Base,
			);
			mainGroup = 352475DC2653F7B200D61178;
			packageReferences = (
				357122672683968F006419FD /* XCRemoteSwiftPackageReference "SwiftUI-Introspect" */,
			);
			productRefGroup = 352475E62653F7B300D61178 /* Products */;
			projectDirPath = "";
			projectRoot = "";
			targets = (
				352475E42653F7B200D61178 /* iScoreCards */,
				352475F52653F7B300D61178 /* iScoreCardsTests */,
				352476002653F7B300D61178 /* iScoreCardsUITests */,
			);
		};
/* End PBXProject section */

/* Begin PBXResourcesBuildPhase section */
		352475E32653F7B200D61178 /* Resources */ = {
			isa = PBXResourcesBuildPhase;
			buildActionMask = 2147483647;
			files = (
				352475F02653F7B300D61178 /* Preview Assets.xcassets in Resources */,
				352475ED2653F7B300D61178 /* Assets.xcassets in Resources */,
			);
			runOnlyForDeploymentPostprocessing = 0;
		};
		352475F42653F7B300D61178 /* Resources */ = {
			isa = PBXResourcesBuildPhase;
			buildActionMask = 2147483647;
			files = (
			);
			runOnlyForDeploymentPostprocessing = 0;
		};
		352475FF2653F7B300D61178 /* Resources */ = {
			isa = PBXResourcesBuildPhase;
			buildActionMask = 2147483647;
			files = (
			);
			runOnlyForDeploymentPostprocessing = 0;
		};
/* End PBXResourcesBuildPhase section */

/* Begin PBXSourcesBuildPhase section */
		352475E12653F7B200D61178 /* Sources */ = {
			isa = PBXSourcesBuildPhase;
			buildActionMask = 2147483647;
			files = (
				352476192654031100D61178 /* SecondTabView.swift in Sources */,
				3524761D2655606D00D61178 /* Game.swift in Sources */,
				352475EB2653F7B300D61178 /* iScoreCardsView.swift in Sources */,
				3524761B26540F4900D61178 /* HomeTabView.swift in Sources */,
				3503F74A266D2C8900F0FDE5 /* ScoreCardTotalsView.swift in Sources */,
				3571226626839178006419FD /* URLTextField.swift in Sources */,
				35B2DEDB2697585700A815CB /* ScoreCardRowView.swift in Sources */,
				352476212658B38C00D61178 /* CardsManager.swift in Sources */,
				35247617265402FE00D61178 /* UnregisteredGameSetupView.swift in Sources */,
				352475E92653F7B300D61178 /* iScoreCardsApp.swift in Sources */,
				3524762426594C4B00D61178 /* ScoreCardView.swift in Sources */,
				3503F748266D2C5200F0FDE5 /* ScoreCardPlayersView.swift in Sources */,
			);
			runOnlyForDeploymentPostprocessing = 0;
		};
		352475F22653F7B300D61178 /* Sources */ = {
			isa = PBXSourcesBuildPhase;
			buildActionMask = 2147483647;
			files = (
				352475FB2653F7B300D61178 /* iScoreCardsTests.swift in Sources */,
			);
			runOnlyForDeploymentPostprocessing = 0;
		};
		352475FD2653F7B300D61178 /* Sources */ = {
			isa = PBXSourcesBuildPhase;
			buildActionMask = 2147483647;
			files = (
				352476062653F7B300D61178 /* iScoreCardsUITests.swift in Sources */,
			);
			runOnlyForDeploymentPostprocessing = 0;
		};
/* End PBXSourcesBuildPhase section */

/* Begin PBXTargetDependency section */
		352475F82653F7B300D61178 /* PBXTargetDependency */ = {
			isa = PBXTargetDependency;
			target = 352475E42653F7B200D61178 /* iScoreCards */;
			targetProxy = 352475F72653F7B300D61178 /* PBXContainerItemProxy */;
		};
		352476032653F7B300D61178 /* PBXTargetDependency */ = {
			isa = PBXTargetDependency;
			target = 352475E42653F7B200D61178 /* iScoreCards */;
			targetProxy = 352476022653F7B300D61178 /* PBXContainerItemProxy */;
		};
/* End PBXTargetDependency section */

/* Begin XCBuildConfiguration section */
		352476082653F7B300D61178 /* Debug */ = {
			isa = XCBuildConfiguration;
			buildSettings = {
				ALWAYS_SEARCH_USER_PATHS = NO;
				CLANG_ANALYZER_NONNULL = YES;
				CLANG_ANALYZER_NUMBER_OBJECT_CONVERSION = YES_AGGRESSIVE;
				CLANG_CXX_LANGUAGE_STANDARD = "gnu++14";
				CLANG_CXX_LIBRARY = "libc++";
				CLANG_ENABLE_MODULES = YES;
				CLANG_ENABLE_OBJC_ARC = YES;
				CLANG_ENABLE_OBJC_WEAK = YES;
				CLANG_WARN_BLOCK_CAPTURE_AUTORELEASING = YES;
				CLANG_WARN_BOOL_CONVERSION = YES;
				CLANG_WARN_COMMA = YES;
				CLANG_WARN_CONSTANT_CONVERSION = YES;
				CLANG_WARN_DEPRECATED_OBJC_IMPLEMENTATIONS = YES;
				CLANG_WARN_DIRECT_OBJC_ISA_USAGE = YES_ERROR;
				CLANG_WARN_DOCUMENTATION_COMMENTS = YES;
				CLANG_WARN_EMPTY_BODY = YES;
				CLANG_WARN_ENUM_CONVERSION = YES;
				CLANG_WARN_INFINITE_RECURSION = YES;
				CLANG_WARN_INT_CONVERSION = YES;
				CLANG_WARN_NON_LITERAL_NULL_CONVERSION = YES;
				CLANG_WARN_OBJC_IMPLICIT_RETAIN_SELF = YES;
				CLANG_WARN_OBJC_LITERAL_CONVERSION = YES;
				CLANG_WARN_OBJC_ROOT_CLASS = YES_ERROR;
				CLANG_WARN_QUOTED_INCLUDE_IN_FRAMEWORK_HEADER = YES;
				CLANG_WARN_RANGE_LOOP_ANALYSIS = YES;
				CLANG_WARN_STRICT_PROTOTYPES = YES;
				CLANG_WARN_SUSPICIOUS_MOVE = YES;
				CLANG_WARN_UNGUARDED_AVAILABILITY = YES_AGGRESSIVE;
				CLANG_WARN_UNREACHABLE_CODE = YES;
				CLANG_WARN__DUPLICATE_METHOD_MATCH = YES;
				COPY_PHASE_STRIP = NO;
				DEBUG_INFORMATION_FORMAT = dwarf;
				ENABLE_STRICT_OBJC_MSGSEND = YES;
				ENABLE_TESTABILITY = YES;
				GCC_C_LANGUAGE_STANDARD = gnu11;
				GCC_DYNAMIC_NO_PIC = NO;
				GCC_NO_COMMON_BLOCKS = YES;
				GCC_OPTIMIZATION_LEVEL = 0;
				GCC_PREPROCESSOR_DEFINITIONS = (
					"DEBUG=1",
					"$(inherited)",
				);
				GCC_WARN_64_TO_32_BIT_CONVERSION = YES;
				GCC_WARN_ABOUT_RETURN_TYPE = YES_ERROR;
				GCC_WARN_UNDECLARED_SELECTOR = YES;
				GCC_WARN_UNINITIALIZED_AUTOS = YES_AGGRESSIVE;
				GCC_WARN_UNUSED_FUNCTION = YES;
				GCC_WARN_UNUSED_VARIABLE = YES;
				IPHONEOS_DEPLOYMENT_TARGET = 14.5;
				MTL_ENABLE_DEBUG_INFO = INCLUDE_SOURCE;
				MTL_FAST_MATH = YES;
				ONLY_ACTIVE_ARCH = YES;
				SDKROOT = iphoneos;
				SWIFT_ACTIVE_COMPILATION_CONDITIONS = DEBUG;
				SWIFT_OPTIMIZATION_LEVEL = "-Onone";
			};
			name = Debug;
		};
		352476092653F7B300D61178 /* Release */ = {
			isa = XCBuildConfiguration;
			buildSettings = {
				ALWAYS_SEARCH_USER_PATHS = NO;
				CLANG_ANALYZER_NONNULL = YES;
				CLANG_ANALYZER_NUMBER_OBJECT_CONVERSION = YES_AGGRESSIVE;
				CLANG_CXX_LANGUAGE_STANDARD = "gnu++14";
				CLANG_CXX_LIBRARY = "libc++";
				CLANG_ENABLE_MODULES = YES;
				CLANG_ENABLE_OBJC_ARC = YES;
				CLANG_ENABLE_OBJC_WEAK = YES;
				CLANG_WARN_BLOCK_CAPTURE_AUTORELEASING = YES;
				CLANG_WARN_BOOL_CONVERSION = YES;
				CLANG_WARN_COMMA = YES;
				CLANG_WARN_CONSTANT_CONVERSION = YES;
				CLANG_WARN_DEPRECATED_OBJC_IMPLEMENTATIONS = YES;
				CLANG_WARN_DIRECT_OBJC_ISA_USAGE = YES_ERROR;
				CLANG_WARN_DOCUMENTATION_COMMENTS = YES;
				CLANG_WARN_EMPTY_BODY = YES;
				CLANG_WARN_ENUM_CONVERSION = YES;
				CLANG_WARN_INFINITE_RECURSION = YES;
				CLANG_WARN_INT_CONVERSION = YES;
				CLANG_WARN_NON_LITERAL_NULL_CONVERSION = YES;
				CLANG_WARN_OBJC_IMPLICIT_RETAIN_SELF = YES;
				CLANG_WARN_OBJC_LITERAL_CONVERSION = YES;
				CLANG_WARN_OBJC_ROOT_CLASS = YES_ERROR;
				CLANG_WARN_QUOTED_INCLUDE_IN_FRAMEWORK_HEADER = YES;
				CLANG_WARN_RANGE_LOOP_ANALYSIS = YES;
				CLANG_WARN_STRICT_PROTOTYPES = YES;
				CLANG_WARN_SUSPICIOUS_MOVE = YES;
				CLANG_WARN_UNGUARDED_AVAILABILITY = YES_AGGRESSIVE;
				CLANG_WARN_UNREACHABLE_CODE = YES;
				CLANG_WARN__DUPLICATE_METHOD_MATCH = YES;
				COPY_PHASE_STRIP = NO;
				DEBUG_INFORMATION_FORMAT = "dwarf-with-dsym";
				ENABLE_NS_ASSERTIONS = NO;
				ENABLE_STRICT_OBJC_MSGSEND = YES;
				GCC_C_LANGUAGE_STANDARD = gnu11;
				GCC_NO_COMMON_BLOCKS = YES;
				GCC_WARN_64_TO_32_BIT_CONVERSION = YES;
				GCC_WARN_ABOUT_RETURN_TYPE = YES_ERROR;
				GCC_WARN_UNDECLARED_SELECTOR = YES;
				GCC_WARN_UNINITIALIZED_AUTOS = YES_AGGRESSIVE;
				GCC_WARN_UNUSED_FUNCTION = YES;
				GCC_WARN_UNUSED_VARIABLE = YES;
				IPHONEOS_DEPLOYMENT_TARGET = 14.5;
				MTL_ENABLE_DEBUG_INFO = NO;
				MTL_FAST_MATH = YES;
				SDKROOT = iphoneos;
				SWIFT_COMPILATION_MODE = wholemodule;
				SWIFT_OPTIMIZATION_LEVEL = "-O";
				VALIDATE_PRODUCT = YES;
			};
			name = Release;
		};
		3524760B2653F7B300D61178 /* Debug */ = {
			isa = XCBuildConfiguration;
			buildSettings = {
				ASSETCATALOG_COMPILER_APPICON_NAME = AppIcon;
				ASSETCATALOG_COMPILER_GLOBAL_ACCENT_COLOR_NAME = AccentColor;
				CODE_SIGN_STYLE = Automatic;
				DEVELOPMENT_ASSET_PATHS = "\"iScoreCards/Preview Content\"";
				DEVELOPMENT_TEAM = F7TPP9453B;
				ENABLE_PREVIEWS = YES;
				INFOPLIST_FILE = iScoreCards/Info.plist;
				IPHONEOS_DEPLOYMENT_TARGET = 14.0;
				LD_RUNPATH_SEARCH_PATHS = (
					"$(inherited)",
					"@executable_path/Frameworks",
				);
				PRODUCT_BUNDLE_IDENTIFIER = com.mikedhaem.iScoreCards;
				PRODUCT_NAME = "$(TARGET_NAME)";
				SWIFT_VERSION = 5.0;
				TARGETED_DEVICE_FAMILY = "1,2";
			};
			name = Debug;
		};
		3524760C2653F7B300D61178 /* Release */ = {
			isa = XCBuildConfiguration;
			buildSettings = {
				ASSETCATALOG_COMPILER_APPICON_NAME = AppIcon;
				ASSETCATALOG_COMPILER_GLOBAL_ACCENT_COLOR_NAME = AccentColor;
				CODE_SIGN_STYLE = Automatic;
				DEVELOPMENT_ASSET_PATHS = "\"iScoreCards/Preview Content\"";
				DEVELOPMENT_TEAM = F7TPP9453B;
				ENABLE_PREVIEWS = YES;
				INFOPLIST_FILE = iScoreCards/Info.plist;
				IPHONEOS_DEPLOYMENT_TARGET = 14.0;
				LD_RUNPATH_SEARCH_PATHS = (
					"$(inherited)",
					"@executable_path/Frameworks",
				);
				PRODUCT_BUNDLE_IDENTIFIER = com.mikedhaem.iScoreCards;
				PRODUCT_NAME = "$(TARGET_NAME)";
				SWIFT_VERSION = 5.0;
				TARGETED_DEVICE_FAMILY = "1,2";
			};
			name = Release;
		};
		3524760E2653F7B300D61178 /* Debug */ = {
			isa = XCBuildConfiguration;
			buildSettings = {
				ALWAYS_EMBED_SWIFT_STANDARD_LIBRARIES = YES;
				BUNDLE_LOADER = "$(TEST_HOST)";
				CODE_SIGN_STYLE = Automatic;
				DEVELOPMENT_TEAM = F7TPP9453B;
				INFOPLIST_FILE = iScoreCardsTests/Info.plist;
				IPHONEOS_DEPLOYMENT_TARGET = 14.0;
				LD_RUNPATH_SEARCH_PATHS = (
					"$(inherited)",
					"@executable_path/Frameworks",
					"@loader_path/Frameworks",
				);
				PRODUCT_BUNDLE_IDENTIFIER = com.mikedhaem.iScoreCardsTests;
				PRODUCT_NAME = "$(TARGET_NAME)";
				SWIFT_VERSION = 5.0;
				TARGETED_DEVICE_FAMILY = "1,2";
				TEST_HOST = "$(BUILT_PRODUCTS_DIR)/iScoreCards.app/iScoreCards";
			};
			name = Debug;
		};
		3524760F2653F7B300D61178 /* Release */ = {
			isa = XCBuildConfiguration;
			buildSettings = {
				ALWAYS_EMBED_SWIFT_STANDARD_LIBRARIES = YES;
				BUNDLE_LOADER = "$(TEST_HOST)";
				CODE_SIGN_STYLE = Automatic;
				DEVELOPMENT_TEAM = F7TPP9453B;
				INFOPLIST_FILE = iScoreCardsTests/Info.plist;
				IPHONEOS_DEPLOYMENT_TARGET = 14.0;
				LD_RUNPATH_SEARCH_PATHS = (
					"$(inherited)",
					"@executable_path/Frameworks",
					"@loader_path/Frameworks",
				);
				PRODUCT_BUNDLE_IDENTIFIER = com.mikedhaem.iScoreCardsTests;
				PRODUCT_NAME = "$(TARGET_NAME)";
				SWIFT_VERSION = 5.0;
				TARGETED_DEVICE_FAMILY = "1,2";
				TEST_HOST = "$(BUILT_PRODUCTS_DIR)/iScoreCards.app/iScoreCards";
			};
			name = Release;
		};
		352476112653F7B300D61178 /* Debug */ = {
			isa = XCBuildConfiguration;
			buildSettings = {
				ALWAYS_EMBED_SWIFT_STANDARD_LIBRARIES = YES;
				CODE_SIGN_STYLE = Automatic;
				DEVELOPMENT_TEAM = F7TPP9453B;
				INFOPLIST_FILE = iScoreCardsUITests/Info.plist;
				LD_RUNPATH_SEARCH_PATHS = (
					"$(inherited)",
					"@executable_path/Frameworks",
					"@loader_path/Frameworks",
				);
				PRODUCT_BUNDLE_IDENTIFIER = com.mikedhaem.iScoreCardsUITests;
				PRODUCT_NAME = "$(TARGET_NAME)";
				SWIFT_VERSION = 5.0;
				TARGETED_DEVICE_FAMILY = "1,2";
				TEST_TARGET_NAME = iScoreCards;
			};
			name = Debug;
		};
		352476122653F7B300D61178 /* Release */ = {
			isa = XCBuildConfiguration;
			buildSettings = {
				ALWAYS_EMBED_SWIFT_STANDARD_LIBRARIES = YES;
				CODE_SIGN_STYLE = Automatic;
				DEVELOPMENT_TEAM = F7TPP9453B;
				INFOPLIST_FILE = iScoreCardsUITests/Info.plist;
				LD_RUNPATH_SEARCH_PATHS = (
					"$(inherited)",
					"@executable_path/Frameworks",
					"@loader_path/Frameworks",
				);
				PRODUCT_BUNDLE_IDENTIFIER = com.mikedhaem.iScoreCardsUITests;
				PRODUCT_NAME = "$(TARGET_NAME)";
				SWIFT_VERSION = 5.0;
				TARGETED_DEVICE_FAMILY = "1,2";
				TEST_TARGET_NAME = iScoreCards;
			};
			name = Release;
		};
/* End XCBuildConfiguration section */

/* Begin XCConfigurationList section */
		352475E02653F7B200D61178 /* Build configuration list for PBXProject "iScoreCards" */ = {
			isa = XCConfigurationList;
			buildConfigurations = (
				352476082653F7B300D61178 /* Debug */,
				352476092653F7B300D61178 /* Release */,
			);
			defaultConfigurationIsVisible = 0;
			defaultConfigurationName = Release;
		};
		3524760A2653F7B300D61178 /* Build configuration list for PBXNativeTarget "iScoreCards" */ = {
			isa = XCConfigurationList;
			buildConfigurations = (
				3524760B2653F7B300D61178 /* Debug */,
				3524760C2653F7B300D61178 /* Release */,
			);
			defaultConfigurationIsVisible = 0;
			defaultConfigurationName = Release;
		};
		3524760D2653F7B300D61178 /* Build configuration list for PBXNativeTarget "iScoreCardsTests" */ = {
			isa = XCConfigurationList;
			buildConfigurations = (
				3524760E2653F7B300D61178 /* Debug */,
				3524760F2653F7B300D61178 /* Release */,
			);
			defaultConfigurationIsVisible = 0;
			defaultConfigurationName = Release;
		};
		352476102653F7B300D61178 /* Build configuration list for PBXNativeTarget "iScoreCardsUITests" */ = {
			isa = XCConfigurationList;
			buildConfigurations = (
				352476112653F7B300D61178 /* Debug */,
				352476122653F7B300D61178 /* Release */,
			);
			defaultConfigurationIsVisible = 0;
			defaultConfigurationName = Release;
		};
/* End XCConfigurationList section */

/* Begin XCRemoteSwiftPackageReference section */
		357122672683968F006419FD /* XCRemoteSwiftPackageReference "SwiftUI-Introspect" */ = {
			isa = XCRemoteSwiftPackageReference;
			repositoryURL = "https://github.com/siteline/SwiftUI-Introspect.git";
			requirement = {
				kind = upToNextMajorVersion;
				minimumVersion = 0.1.3;
			};
		};
/* End XCRemoteSwiftPackageReference section */

/* Begin XCSwiftPackageProductDependency section */
		357122682683968F006419FD /* Introspect */ = {
			isa = XCSwiftPackageProductDependency;
			package = 357122672683968F006419FD /* XCRemoteSwiftPackageReference "SwiftUI-Introspect" */;
			productName = Introspect;
		};
/* End XCSwiftPackageProductDependency section */
	};
	rootObject = 352475DD2653F7B200D61178 /* Project object */;
}
